
Microsoft Visual Studio Solution File, Format Version 12.00
# Visual Studio Version 17
VisualStudioVersion = 17.10.35013.160
MinimumVisualStudioVersion = 10.0.40219.1
Project("{FAE04EC0-301F-11D3-BF4B-00C04F79EFBC}") = "ProjectTask", "ProjectTask\ProjectTask.csproj", "{67199608-8091-4940-8A7F-FEB4055BFE14}"
EndProject
Global
	GlobalSection(SolutionConfigurationPlatforms) = preSolution
		Debug|Any CPU = Debug|Any CPU
		Release|Any CPU = Release|Any CPU
	EndGlobalSection
	GlobalSection(ProjectConfigurationPlatforms) = postSolution
		{67199608-8091-4940-8A7F-FEB4055BFE14}.Debug|Any CPU.ActiveCfg = Debug|Any CPU
		{67199608-8091-4940-8A7F-FEB4055BFE14}.Debug|Any CPU.Build.0 = Debug|Any CPU
		{67199608-8091-4940-8A7F-FEB4055BFE14}.Release|Any CPU.ActiveCfg = Release|Any CPU
		{67199608-8091-4940-8A7F-FEB4055BFE14}.Release|Any CPU.Build.0 = Release|Any CPU
	EndGlobalSection
	GlobalSection(SolutionProperties) = preSolution
		HideSolutionNode = FALSE
	EndGlobalSection
	GlobalSection(ExtensibilityGlobals) = postSolution
		SolutionGuid = {45523C13-6053-4041-BCD3-BF108352E41A}
	EndGlobalSection
EndGlobal
